
Microsoft Visual Studio Solution File, Format Version 12.00
# Visual Studio Version 17
VisualStudioVersion = 17.3.32929.385
MinimumVisualStudioVersion = 10.0.40219.1
Project("{2150E333-8FDC-42A3-9474-1A3956D46DE8}") = "1. Presentacion", "1. Presentacion", "{362DDF9B-35EF-431A-A056-28C720FC9FCC}"
EndProject
Project("{2150E333-8FDC-42A3-9474-1A3956D46DE8}") = "2. WebApi", "2. WebApi", "{E3ED078B-515E-4D9E-ADBC-754B8756415C}"
EndProject
Project("{FAE04EC0-301F-11D3-BF4B-00C04F79EFBC}") = "AspNetReactSignalR.WebApi", "AspNetReactSignalR.WebApi\AspNetReactSignalR.WebApi.csproj", "{EB2B04F4-4AD5-41CC-A980-300427887C05}"
EndProject
Global
	GlobalSection(SolutionConfigurationPlatforms) = preSolution
		Debug|Any CPU = Debug|Any CPU
		Release|Any CPU = Release|Any CPU
	EndGlobalSection
	GlobalSection(ProjectConfigurationPlatforms) = postSolution
		{EB2B04F4-4AD5-41CC-A980-300427887C05}.Debug|Any CPU.ActiveCfg = Debug|Any CPU
		{EB2B04F4-4AD5-41CC-A980-300427887C05}.Debug|Any CPU.Build.0 = Debug|Any CPU
		{EB2B04F4-4AD5-41CC-A980-300427887C05}.Release|Any CPU.ActiveCfg = Release|Any CPU
		{EB2B04F4-4AD5-41CC-A980-300427887C05}.Release|Any CPU.Build.0 = Release|Any CPU
	EndGlobalSection
	GlobalSection(SolutionProperties) = preSolution
		HideSolutionNode = FALSE
	EndGlobalSection
	GlobalSection(NestedProjects) = preSolution
		{EB2B04F4-4AD5-41CC-A980-300427887C05} = {E3ED078B-515E-4D9E-ADBC-754B8756415C}
	EndGlobalSection
	GlobalSection(ExtensibilityGlobals) = postSolution
		SolutionGuid = {E90C35FB-CA44-427D-B304-8C87304BE7F5}
	EndGlobalSection
EndGlobal
